// !$*UTF8*$!
{
	archiveVersion = 1;
	classes = {
	};
	objectVersion = 46;
	objects = {

/* Begin PBXBuildFile section */
		947476C71C6D8AC90041D0C6 /* AppDelegate.m in Sources */ = {isa = PBXBuildFile; fileRef = 947476C61C6D8AC90041D0C6 /* AppDelegate.m */; };
		947476CA1C6D8AC90041D0C6 /* main.m in Sources */ = {isa = PBXBuildFile; fileRef = 947476C91C6D8AC90041D0C6 /* main.m */; };
		947476CD1C6D8AC90041D0C6 /* ViewController.m in Sources */ = {isa = PBXBuildFile; fileRef = 947476CC1C6D8AC90041D0C6 /* ViewController.m */; };
		947476CF1C6D8AC90041D0C6 /* Assets.xcassets in Resources */ = {isa = PBXBuildFile; fileRef = 947476CE1C6D8AC90041D0C6 /* Assets.xcassets */; };
		947476D21C6D8AC90041D0C6 /* Main.storyboard in Resources */ = {isa = PBXBuildFile; fileRef = 947476D01C6D8AC90041D0C6 /* Main.storyboard */; };
		9480BDE11C8AA91200124D6E /* SimulateKey.m in Sources */ = {isa = PBXBuildFile; fileRef = 9480BDE01C8AA91200124D6E /* SimulateKey.m */; };
		94E6FE481C6DE0740000B374 /* CocoaAsyncSocket.framework in Frameworks */ = {isa = PBXBuildFile; fileRef = 94E6FE471C6DE0740000B374 /* CocoaAsyncSocket.framework */; };
		94E6FE491C6DE0740000B374 /* CocoaAsyncSocket.framework in Embed Frameworks */ = {isa = PBXBuildFile; fileRef = 94E6FE471C6DE0740000B374 /* CocoaAsyncSocket.framework */; settings = {ATTRIBUTES = (CodeSignOnCopy, RemoveHeadersOnCopy, ); }; };
/* End PBXBuildFile section */

/* Begin PBXCopyFilesBuildPhase section */
		94E6FE4A1C6DE0740000B374 /* Embed Frameworks */ = {
			isa = PBXCopyFilesBuildPhase;
			buildActionMask = 2147483647;
			dstPath = "";
			dstSubfolderSpec = 10;
			files = (
				94E6FE491C6DE0740000B374 /* CocoaAsyncSocket.framework in Embed Frameworks */,
			);
			name = "Embed Frameworks";
			runOnlyForDeploymentPostprocessing = 0;
		};
/* End PBXCopyFilesBuildPhase section */

/* Begin PBXFileReference section */
		947476C21C6D8AC90041D0C6 /* SocketMac.app */ = {isa = PBXFileReference; explicitFileType = wrapper.application; includeInIndex = 0; path = SocketMac.app; sourceTree = BUILT_PRODUCTS_DIR; };
		947476C51C6D8AC90041D0C6 /* AppDelegate.h */ = {isa = PBXFileReference; lastKnownFileType = sourcecode.c.h; path = AppDelegate.h; sourceTree = "<group>"; };
		947476C61C6D8AC90041D0C6 /* AppDelegate.m */ = {isa = PBXFileReference; lastKnownFileType = sourcecode.c.objc; path = AppDelegate.m; sourceTree = "<group>"; };
		947476C91C6D8AC90041D0C6 /* main.m */ = {isa = PBXFileReference; lastKnownFileType = sourcecode.c.objc; path = main.m; sourceTree = "<group>"; };
		947476CB1C6D8AC90041D0C6 /* ViewController.h */ = {isa = PBXFileReference; lastKnownFileType = sourcecode.c.h; path = ViewController.h; sourceTree = "<group>"; };
		947476CC1C6D8AC90041D0C6 /* ViewController.m */ = {isa = PBXFileReference; lastKnownFileType = sourcecode.c.objc; path = ViewController.m; sourceTree = "<group>"; };
		947476CE1C6D8AC90041D0C6 /* Assets.xcassets */ = {isa = PBXFileReference; lastKnownFileType = folder.assetcatalog; path = Assets.xcassets; sourceTree = "<group>"; };
		947476D11C6D8AC90041D0C6 /* Base */ = {isa = PBXFileReference; lastKnownFileType = file.storyboard; name = Base; path = Base.lproj/Main.storyboard; sourceTree = "<group>"; };
		947476D31C6D8AC90041D0C6 /* Info.plist */ = {isa = PBXFileReference; lastKnownFileType = text.plist.xml; path = Info.plist; sourceTree = "<group>"; };
		9480BDDF1C8AA91200124D6E /* SimulateKey.h */ = {isa = PBXFileReference; fileEncoding = 4; lastKnownFileType = sourcecode.c.h; path = SimulateKey.h; sourceTree = "<group>"; };
		9480BDE01C8AA91200124D6E /* SimulateKey.m */ = {isa = PBXFileReference; fileEncoding = 4; lastKnownFileType = sourcecode.c.objc; path = SimulateKey.m; sourceTree = "<group>"; };
		94E6FE471C6DE0740000B374 /* CocoaAsyncSocket.framework */ = {isa = PBXFileReference; lastKnownFileType = wrapper.framework; name = CocoaAsyncSocket.framework; path = Carthage/Build/Mac/CocoaAsyncSocket.framework; sourceTree = "<group>"; };
/* End PBXFileReference section */

/* Begin PBXFrameworksBuildPhase section */
		947476BF1C6D8AC90041D0C6 /* Frameworks */ = {
			isa = PBXFrameworksBuildPhase;
			buildActionMask = 2147483647;
			files = (
				94E6FE481C6DE0740000B374 /* CocoaAsyncSocket.framework in Frameworks */,
			);
			runOnlyForDeploymentPostprocessing = 0;
		};
/* End PBXFrameworksBuildPhase section */

/* Begin PBXGroup section */
		947476B91C6D8AC90041D0C6 = {
			isa = PBXGroup;
			children = (
				94E6FE471C6DE0740000B374 /* CocoaAsyncSocket.framework */,
				947476C41C6D8AC90041D0C6 /* SocketMac */,
				947476C31C6D8AC90041D0C6 /* Products */,
			);
			sourceTree = "<group>";
		};
		947476C31C6D8AC90041D0C6 /* Products */ = {
			isa = PBXGroup;
			children = (
				947476C21C6D8AC90041D0C6 /* SocketMac.app */,
			);
			name = Products;
			sourceTree = "<group>";
		};
		947476C41C6D8AC90041D0C6 /* SocketMac */ = {
			isa = PBXGroup;
			children = (
				947476C51C6D8AC90041D0C6 /* AppDelegate.h */,
				947476C61C6D8AC90041D0C6 /* AppDelegate.m */,
				947476CB1C6D8AC90041D0C6 /* ViewController.h */,
				947476CC1C6D8AC90041D0C6 /* ViewController.m */,
				9480BDDF1C8AA91200124D6E /* SimulateKey.h */,
				9480BDE01C8AA91200124D6E /* SimulateKey.m */,
				947476CE1C6D8AC90041D0C6 /* Assets.xcassets */,
				947476D01C6D8AC90041D0C6 /* Main.storyboard */,
				947476D31C6D8AC90041D0C6 /* Info.plist */,
				947476C81C6D8AC90041D0C6 /* Supporting Files */,
			);
			path = SocketMac;
			sourceTree = "<group>";
		};
		947476C81C6D8AC90041D0C6 /* Supporting Files */ = {
			isa = PBXGroup;
			children = (
				947476C91C6D8AC90041D0C6 /* main.m */,
			);
			name = "Supporting Files";
			sourceTree = "<group>";
		};
/* End PBXGroup section */

/* Begin PBXNativeTarget section */
		947476C11C6D8AC90041D0C6 /* SocketMac */ = {
			isa = PBXNativeTarget;
			buildConfigurationList = 947476D61C6D8AC90041D0C6 /* Build configuration list for PBXNativeTarget "SocketMac" */;
			buildPhases = (
				947476BE1C6D8AC90041D0C6 /* Sources */,
				947476BF1C6D8AC90041D0C6 /* Frameworks */,
				947476C01C6D8AC90041D0C6 /* Resources */,
				94E6FE4A1C6DE0740000B374 /* Embed Frameworks */,
			);
			buildRules = (
			);
			dependencies = (
			);
			name = SocketMac;
			productName = SocketMac;
			productReference = 947476C21C6D8AC90041D0C6 /* SocketMac.app */;
			productType = "com.apple.product-type.application";
		};
/* End PBXNativeTarget section */

/* Begin PBXProject section */
		947476BA1C6D8AC90041D0C6 /* Project object */ = {
			isa = PBXProject;
			attributes = {
				LastUpgradeCheck = 0720;
				ORGANIZATIONNAME = "汪鑫源";
				TargetAttributes = {
					947476C11C6D8AC90041D0C6 = {
						CreatedOnToolsVersion = 7.2.1;
					};
				};
			};
			buildConfigurationList = 947476BD1C6D8AC90041D0C6 /* Build configuration list for PBXProject "SocketMac" */;
			compatibilityVersion = "Xcode 3.2";
			developmentRegion = English;
			hasScannedForEncodings = 0;
			knownRegions = (
				en,
				Base,
			);
			mainGroup = 947476B91C6D8AC90041D0C6;
			productRefGroup = 947476C31C6D8AC90041D0C6 /* Products */;
			projectDirPath = "";
			projectRoot = "";
			targets = (
				947476C11C6D8AC90041D0C6 /* SocketMac */,
			);
		};
/* End PBXProject section */

/* Begin PBXResourcesBuildPhase section */
		947476C01C6D8AC90041D0C6 /* Resources */ = {
			isa = PBXResourcesBuildPhase;
			buildActionMask = 2147483647;
			files = (
				947476CF1C6D8AC90041D0C6 /* Assets.xcassets in Resources */,
				947476D21C6D8AC90041D0C6 /* Main.storyboard in Resources */,
			);
			runOnlyForDeploymentPostprocessing = 0;
		};
/* End PBXResourcesBuildPhase section */

/* Begin PBXSourcesBuildPhase section */
		947476BE1C6D8AC90041D0C6 /* Sources */ = {
			isa = PBXSourcesBuildPhase;
			buildActionMask = 2147483647;
			files = (
				947476CD1C6D8AC90041D0C6 /* ViewController.m in Sources */,
				9480BDE11C8AA91200124D6E /* SimulateKey.m in Sources */,
				947476CA1C6D8AC90041D0C6 /* main.m in Sources */,
				947476C71C6D8AC90041D0C6 /* AppDelegate.m in Sources */,
			);
			runOnlyForDeploymentPostprocessing = 0;
		};
/* End PBXSourcesBuildPhase section */

/* Begin PBXVariantGroup section */
		947476D01C6D8AC90041D0C6 /* Main.storyboard */ = {
			isa = PBXVariantGroup;
			children = (
				947476D11C6D8AC90041D0C6 /* Base */,
			);
			name = Main.storyboard;
			sourceTree = "<group>";
		};
/* End PBXVariantGroup section */

/* Begin XCBuildConfiguration section */
		947476D41C6D8AC90041D0C6 /* Debug */ = {
			isa = XCBuildConfiguration;
			buildSettings = {
				ALWAYS_SEARCH_USER_PATHS = NO;
				CLANG_CXX_LANGUAGE_STANDARD = "gnu++0x";
				CLANG_CXX_LIBRARY = "libc++";
				CLANG_ENABLE_MODULES = YES;
				CLANG_ENABLE_OBJC_ARC = YES;
				CLANG_WARN_BOOL_CONVERSION = YES;
				CLANG_WARN_CONSTANT_CONVERSION = YES;
				CLANG_WARN_DIRECT_OBJC_ISA_USAGE = YES_ERROR;
				CLANG_WARN_EMPTY_BODY = YES;
				CLANG_WARN_ENUM_CONVERSION = YES;
				CLANG_WARN_INT_CONVERSION = YES;
				CLANG_WARN_OBJC_ROOT_CLASS = YES_ERROR;
				CLANG_WARN_UNREACHABLE_CODE = YES;
				CLANG_WARN__DUPLICATE_METHOD_MATCH = YES;
				CODE_SIGN_IDENTITY = "-";
				COPY_PHASE_STRIP = NO;
				DEBUG_INFORMATION_FORMAT = dwarf;
				ENABLE_STRICT_OBJC_MSGSEND = YES;
				ENABLE_TESTABILITY = YES;
				GCC_C_LANGUAGE_STANDARD = gnu99;
				GCC_DYNAMIC_NO_PIC = NO;
				GCC_NO_COMMON_BLOCKS = YES;
				GCC_OPTIMIZATION_LEVEL = 0;
				GCC_PREPROCESSOR_DEFINITIONS = (
					"DEBUG=1",
					"$(inherited)",
				);
				GCC_WARN_64_TO_32_BIT_CONVERSION = YES;
				GCC_WARN_ABOUT_RETURN_TYPE = YES_ERROR;
				GCC_WARN_UNDECLARED_SELECTOR = YES;
				GCC_WARN_UNINITIALIZED_AUTOS = YES_AGGRESSIVE;
				GCC_WARN_UNUSED_FUNCTION = YES;
				GCC_WARN_UNUSED_VARIABLE = YES;
				MACOSX_DEPLOYMENT_TARGET = 10.11;
				MTL_ENABLE_DEBUG_INFO = YES;
				ONLY_ACTIVE_ARCH = YES;
				SDKROOT = macosx;
			};
			name = Debug;
		};
		947476D51C6D8AC90041D0C6 /* Release */ = {
			isa = XCBuildConfiguration;
			buildSettings = {
				ALWAYS_SEARCH_USER_PATHS = NO;
				CLANG_CXX_LANGUAGE_STANDARD = "gnu++0x";
				CLANG_CXX_LIBRARY = "libc++";
				CLANG_ENABLE_MODULES = YES;
				CLANG_ENABLE_OBJC_ARC = YES;
				CLANG_WARN_BOOL_CONVERSION = YES;
				CLANG_WARN_CONSTANT_CONVERSION = YES;
				CLANG_WARN_DIRECT_OBJC_ISA_USAGE = YES_ERROR;
				CLANG_WARN_EMPTY_BODY = YES;
				CLANG_WARN_ENUM_CONVERSION = YES;
				CLANG_WARN_INT_CONVERSION = YES;
				CLANG_WARN_OBJC_ROOT_CLASS = YES_ERROR;
				CLANG_WARN_UNREACHABLE_CODE = YES;
				CLANG_WARN__DUPLICATE_METHOD_MATCH = YES;
				CODE_SIGN_IDENTITY = "-";
				COPY_PHASE_STRIP = NO;
				DEBUG_INFORMATION_FORMAT = "dwarf-with-dsym";
				ENABLE_NS_ASSERTIONS = NO;
				ENABLE_STRICT_OBJC_MSGSEND = YES;
				GCC_C_LANGUAGE_STANDARD = gnu99;
				GCC_NO_COMMON_BLOCKS = YES;
				GCC_WARN_64_TO_32_BIT_CONVERSION = YES;
				GCC_WARN_ABOUT_RETURN_TYPE = YES_ERROR;
				GCC_WARN_UNDECLARED_SELECTOR = YES;
				GCC_WARN_UNINITIALIZED_AUTOS = YES_AGGRESSIVE;
				GCC_WARN_UNUSED_FUNCTION = YES;
				GCC_WARN_UNUSED_VARIABLE = YES;
				MACOSX_DEPLOYMENT_TARGET = 10.11;
				MTL_ENABLE_DEBUG_INFO = NO;
				SDKROOT = macosx;
			};
			name = Release;
		};
		947476D71C6D8AC90041D0C6 /* Debug */ = {
			isa = XCBuildConfiguration;
			buildSettings = {
				ASSETCATALOG_COMPILER_APPICON_NAME = AppIcon;
				COMBINE_HIDPI_IMAGES = YES;
				FRAMEWORK_SEARCH_PATHS = (
					"$(inherited)",
					"$(PROJECT_DIR)/Carthage/Build/Mac",
				);
				INFOPLIST_FILE = SocketMac/Info.plist;
				LD_RUNPATH_SEARCH_PATHS = "$(inherited) @executable_path/../Frameworks";
				PRODUCT_BUNDLE_IDENTIFIER = com.wxy.SocketMac;
				PRODUCT_NAME = "$(TARGET_NAME)";
			};
			name = Debug;
		};
		947476D81C6D8AC90041D0C6 /* Release */ = {
			isa = XCBuildConfiguration;
			buildSettings = {
				ASSETCATALOG_COMPILER_APPICON_NAME = AppIcon;
				COMBINE_HIDPI_IMAGES = YES;
				FRAMEWORK_SEARCH_PATHS = (
					"$(inherited)",
					"$(PROJECT_DIR)/Carthage/Build/Mac",
				);
				INFOPLIST_FILE = SocketMac/Info.plist;
				LD_RUNPATH_SEARCH_PATHS = "$(inherited) @executable_path/../Frameworks";
				PRODUCT_BUNDLE_IDENTIFIER = com.wxy.SocketMac;
				PRODUCT_NAME = "$(TARGET_NAME)";
			};
			name = Release;
		};
/* End XCBuildConfiguration section */

/* Begin XCConfigurationList section */
		947476BD1C6D8AC90041D0C6 /* Build configuration list for PBXProject "SocketMac" */ = {
			isa = XCConfigurationList;
			buildConfigurations = (
				947476D41C6D8AC90041D0C6 /* Debug */,
				947476D51C6D8AC90041D0C6 /* Release */,
			);
			defaultConfigurationIsVisible = 0;
			defaultConfigurationName = Release;
		};
		947476D61C6D8AC90041D0C6 /* Build configuration list for PBXNativeTarget "SocketMac" */ = {
			isa = XCConfigurationList;
			buildConfigurations = (
				947476D71C6D8AC90041D0C6 /* Debug */,
				947476D81C6D8AC90041D0C6 /* Release */,
			);
			defaultConfigurationIsVisible = 0;
			defaultConfigurationName = Release;
		};
/* End XCConfigurationList section */
	};
	rootObject = 947476BA1C6D8AC90041D0C6 /* Project object */;
}
