PODS:
  - Alamofire (3.5.1)
  - CocoaAsyncSocket (7.5.1):
    - CocoaAsyncSocket/GCD (= 7.5.1)
  - CocoaAsyncSocket/GCD (7.5.1)
  - SwiftyJSON (2.4.0)

DEPENDENCIES:
  - Alamofire (~> 3.5.1)
  - CocoaAsyncSocket (~> 7.5.1)
  - SwiftyJSON (~> 2.4.0)

SPEC CHECKSUMS:
  Alamofire: 0dfba1184a543e2aa160f4e39cac4e8aba48d223
  CocoaAsyncSocket: e0a7e93b2ffa411592ff87e58524fbbc9b95b4fa
  SwiftyJSON: 96918c1bf505efa50c4f72957018dd3452090c9c

PODFILE CHECKSUM: 0e8dea0fd7b7941139c7c24b6f14f85dca7216e9

COCOAPODS: 1.1.1
